{
  "name": "pvsqlite3helper",
  "version": "1.1.6",
  "lockfileVersion": 1,
  "requires": true,
  "dependencies": {
    "bluebird": {
      "version": "3.5.2",
      "resolved": "https://registry.npmjs.org/bluebird/-/bluebird-3.5.2.tgz",
      "integrity": "sha512-dhHTWMI7kMx5whMQntl7Vr9C6BvV10lFXDAasnqnrMYhXVCzzk6IO9Fo2L75jXHT07WrOngL1WDXOp+yYS91Yg=="
    },
    "pvjs": {
      "version": "1.0.7",
      "resolved": "https://registry.npmjs.org/pvjs/-/pvjs-1.0.7.tgz",
      "integrity": "sha512-rurUszxQibI1PlNx0Q9UkJNgPOtq2tYQJorzbFOmfjZWtlkFNkS/PDnEnA1L8814LdUCalaiaamDvRMyl5vT1w=="
    }
  }
}
